
Microsoft Visual Studio Solution File, Format Version 12.00
Project("{FAE04EC0-301F-11D3-BF4B-00C04F79EFBC}") = "Medina.Core", "src\Medina.Core\Medina.Core.csproj", "{50E29527-28EF-4AB2-BEAD-41A3279A0AF3}"
EndProject
Project("{2150E333-8FDC-42A3-9474-1A3956D46DE8}") = "test", "test", "{FDDEE540-5D87-4CC1-AA81-5CC3EEAC9536}"
EndProject
Project("{FAE04EC0-301F-11D3-BF4B-00C04F79EFBC}") = "Medina.Core.Test", "test\Medina.Core.Test\Medina.Core.Test.csproj", "{F7266ED9-AF27-42EA-B45C-96FCDA86F58D}"
EndProject
Global
	GlobalSection(SolutionConfigurationPlatforms) = preSolution
		Debug|Any CPU = Debug|Any CPU
		Release|Any CPU = Release|Any CPU
	EndGlobalSection
	GlobalSection(ProjectConfigurationPlatforms) = postSolution
		{50E29527-28EF-4AB2-BEAD-41A3279A0AF3}.Debug|Any CPU.ActiveCfg = Debug|Any CPU
		{50E29527-28EF-4AB2-BEAD-41A3279A0AF3}.Debug|Any CPU.Build.0 = Debug|Any CPU
		{50E29527-28EF-4AB2-BEAD-41A3279A0AF3}.Release|Any CPU.ActiveCfg = Release|Any CPU
		{50E29527-28EF-4AB2-BEAD-41A3279A0AF3}.Release|Any CPU.Build.0 = Release|Any CPU
		{F7266ED9-AF27-42EA-B45C-96FCDA86F58D}.Debug|Any CPU.ActiveCfg = Debug|Any CPU
		{F7266ED9-AF27-42EA-B45C-96FCDA86F58D}.Debug|Any CPU.Build.0 = Debug|Any CPU
		{F7266ED9-AF27-42EA-B45C-96FCDA86F58D}.Release|Any CPU.ActiveCfg = Release|Any CPU
		{F7266ED9-AF27-42EA-B45C-96FCDA86F58D}.Release|Any CPU.Build.0 = Release|Any CPU
	EndGlobalSection
	GlobalSection(NestedProjects) = preSolution
		{F7266ED9-AF27-42EA-B45C-96FCDA86F58D} = {FDDEE540-5D87-4CC1-AA81-5CC3EEAC9536}
	EndGlobalSection
EndGlobal
